
Microsoft Visual Studio Solution File, Format Version 12.00
# Visual Studio Version 16
VisualStudioVersion = 16.0.31205.134
MinimumVisualStudioVersion = 10.0.40219.1
Project("{FAE04EC0-301F-11D3-BF4B-00C04F79EFBC}") = "Formulario", "Formulario.csproj", "{9CC9F3D6-95F3-48B8-9ADB-7DA96AA44C25}"
EndProject
Global
	GlobalSection(SolutionConfigurationPlatforms) = preSolution
		Debug|Any CPU = Debug|Any CPU
		Release|Any CPU = Release|Any CPU
	EndGlobalSection
	GlobalSection(ProjectConfigurationPlatforms) = postSolution
		{9CC9F3D6-95F3-48B8-9ADB-7DA96AA44C25}.Debug|Any CPU.ActiveCfg = Debug|Any CPU
		{9CC9F3D6-95F3-48B8-9ADB-7DA96AA44C25}.Debug|Any CPU.Build.0 = Debug|Any CPU
		{9CC9F3D6-95F3-48B8-9ADB-7DA96AA44C25}.Release|Any CPU.ActiveCfg = Release|Any CPU
		{9CC9F3D6-95F3-48B8-9ADB-7DA96AA44C25}.Release|Any CPU.Build.0 = Release|Any CPU
	EndGlobalSection
	GlobalSection(SolutionProperties) = preSolution
		HideSolutionNode = FALSE
	EndGlobalSection
	GlobalSection(ExtensibilityGlobals) = postSolution
		SolutionGuid = {077F4FC2-7E36-4DD1-B1A6-D956BC68D0A3}
	EndGlobalSection
EndGlobal
